{
    "_readme": [
        "This file locks the dependencies of your project to a known state",
        "Read more about it at https://getcomposer.org/doc/01-basic-usage.md#installing-dependencies",
        "This file is @generated automatically"
    ],
    "content-hash": "f07ce477309b677ceab18277de186bab",
    "packages": [
        {
            "name": "sbexampleapps/auth",
            "version": "dev-master",
            "dist": {
                "type": "path",
                "url": "../auth",
                "reference": "8b6d1b063c20107790eab741498724ab5dfd9e84"
            },
            "require": {
                "svanderburg/php-sbdata": "dev-master",
                "svanderburg/php-sblayout": "dev-master"
            },
            "type": "library",
            "autoload": {
                "psr-4": {
                    "SBExampleApps\\Auth\\": "src/Auth"
                },
                "files": [
                    "src/Auth/View/HTML/displayloginstatus.php"
                ]
            },
            "license": [
                "GPL-3.0"
            ],
            "authors": [
                {
                    "name": "Sander van der Burg",
                    "email": "svanderburg@gmail.com",
                    "homepage": "http://sandervanderburg.nl"
                }
            ],
            "description": "Authorization framework for the example applications",
            "transport-options": {
                "relative": true
            }
        },
        {
            "name": "sbexampleapps/layout",
            "version": "dev-master",
            "dist": {
                "type": "path",
                "url": "../layout",
                "reference": "16559914cbf8074a260a3b7e18c29f3202d21b14"
            },
            "type": "library",
            "license": [
                "GPL-3.0"
            ],
            "authors": [
                {
                    "name": "Sander van der Burg",
                    "email": "svanderburg@gmail.com",
                    "homepage": "http://sandervanderburg.nl"
                }
            ],
            "description": "Layout framework for the example applications",
            "transport-options": {
                "relative": true
            }
        },
        {
            "name": "svanderburg/php-sbbiblio",
            "version": "dev-master",
            "source": {
                "type": "git",
                "url": "https://github.com/svanderburg/php-sbbiblio.git",
                "reference": "96fb7334ec9133e2b4c8ab91aa363a0610852d9b"
            },
            "default-branch": true,
            "type": "library",
            "autoload": {
                "psr-4": {
                    "SBBiblio\\": "src/SBBiblio"
                },
                "files": [
                    "src/SBBiblio/View/HTML/displaybib.php",
                    "src/SBBiblio/View/BibTeX/displaybib.php"
                ]
            },
            "license": [
                "Apache-2.0"
            ],
            "authors": [
                {
                    "name": "Sander van der Burg",
                    "email": "svanderburg@gmail.com",
                    "homepage": "http://sandervanderburg.nl"
                }
            ],
            "description": "Custom PHP library to display a bibliography",
            "time": "2022-11-01T17:43:02+00:00"
        },
        {
            "name": "svanderburg/php-sbcrud",
            "version": "dev-master",
            "source": {
                "type": "git",
                "url": "https://github.com/svanderburg/php-sbcrud.git",
                "reference": "ad7c08b431811ec5cf4321e576993faeeaa089ec"
            },
            "require": {
                "svanderburg/php-sbdata": "dev-master",
                "svanderburg/php-sblayout": "dev-master"
            },
            "default-branch": true,
            "type": "library",
            "autoload": {
                "psr-4": {
                    "SBCrud\\": "src/SBCrud"
                },
                "files": [
                    "src/SBCrud/View/HTML/pager.php",
                    "src/SBCrud/View/HTML/operationtoolbar.php"
                ]
            },
            "autoload-dev": {
                "psr-4": {
                    "Examples\\Check\\": "examples/check/includes",
                    "Examples\\ReadOnly\\": "examples/readonly/includes",
                    "Examples\\Full\\": "examples/full/includes",
                    "Examples\\Paged\\": "examples/paged/includes"
                }
            },
            "license": [
                "Apache-2.0"
            ],
            "authors": [
                {
                    "name": "Sander van der Burg",
                    "email": "svanderburg@gmail.com",
                    "homepage": "http://sandervanderburg.nl"
                }
            ],
            "description": "Abstractions to construct web-based information systems",
            "time": "2023-06-13T20:21:46+00:00"
        },
        {
            "name": "svanderburg/php-sbdata",
            "version": "dev-master",
            "source": {
                "type": "git",
                "url": "https://github.com/svanderburg/php-sbdata.git",
                "reference": "f61559eaca14e0795960e3c5cb42a2fec1c5efdd"
            },
            "require-dev": {
                "abeautifulsite/simple-php-captcha": "1.0.x",
                "phpunit/phpunit": "9.x"
            },
            "default-branch": true,
            "type": "library",
            "autoload": {
                "psr-4": {
                    "SBData\\": "src/SBData"
                },
                "files": [
                    "src/SBData/View/HTML/table.php",
                    "src/SBData/View/HTML/editabletable.php",
                    "src/SBData/View/HTML/form.php",
                    "src/SBData/View/HTML/util.php",
                    "src/SBData/View/HTML/field.php",
                    "src/SBData/View/HTML/label.php",
                    "src/SBData/View/HTML/Field/acceptablefilenamefield.php",
                    "src/SBData/View/HTML/Field/arraycomboboxfield.php",
                    "src/SBData/View/HTML/Field/textareafield.php",
                    "src/SBData/View/HTML/Field/checkboxfield.php",
                    "src/SBData/View/HTML/Field/integertextfield.php",
                    "src/SBData/View/HTML/Field/naturalnumbertextfield.php",
                    "src/SBData/View/HTML/Field/emailfield.php",
                    "src/SBData/View/HTML/Field/ipaddressfield.php",
                    "src/SBData/View/HTML/Field/generichiddenfield.php",
                    "src/SBData/View/HTML/Field/generickeylinkfield.php",
                    "src/SBData/View/HTML/Field/generictextfield.php",
                    "src/SBData/View/HTML/Field/generictextareafield.php",
                    "src/SBData/View/HTML/Field/keylinkfield.php",
                    "src/SBData/View/HTML/Field/metadatafield.php",
                    "src/SBData/View/HTML/Field/rawtextareafield.php",
                    "src/SBData/View/HTML/Field/rawtextfield.php",
                    "src/SBData/View/HTML/Field/readonlyintegertextfield.php",
                    "src/SBData/View/HTML/Field/readonlynaturalnumbertextfield.php",
                    "src/SBData/View/HTML/Field/naturalnumbertextfield.php",
                    "src/SBData/View/HTML/Field/filefield.php",
                    "src/SBData/View/HTML/Field/datefield.php",
                    "src/SBData/View/HTML/Field/passwordfield.php",
                    "src/SBData/View/HTML/Field/textfield.php",
                    "src/SBData/View/HTML/Field/hiddenfield.php",
                    "src/SBData/View/HTML/Field/hiddenintegerfield.php",
                    "src/SBData/View/HTML/Field/hiddennaturalnumberfield.php",
                    "src/SBData/View/HTML/Field/hiddenacceptablefilenamefield.php",
                    "src/SBData/View/HTML/Field/integerkeylinkfield.php",
                    "src/SBData/View/HTML/Field/naturalnumberkeylinkfield.php",
                    "src/SBData/View/HTML/Field/dbcomboboxfield.php",
                    "src/SBData/View/HTML/Field/urlfield.php"
                ]
            },
            "autoload-dev": {
                "psr-4": {
                    "Examples\\Books\\": "examples/books/includes",
                    "Examples\\CAPTCHA\\": "examples/captcha/includes"
                },
                "files": [
                    "examples/captcha/includes/View/HTML/Field/captchafield.php"
                ]
            },
            "license": [
                "Apache-2.0"
            ],
            "authors": [
                {
                    "name": "Sander van der Burg",
                    "email": "svanderburg@gmail.com",
                    "homepage": "http://sandervanderburg.nl"
                }
            ],
            "description": "Abstractions to deal with checking and displaying fields, forms and tables in web applications",
            "time": "2023-05-16T23:05:46+00:00"
        },
        {
            "name": "svanderburg/php-sblayout",
            "version": "dev-master",
            "source": {
                "type": "git",
                "url": "https://github.com/svanderburg/php-sblayout.git",
                "reference": "1fb91bccd9d60ba072be1bc1a8d41b9699e01245"
            },
            "require-dev": {
                "phpunit/phpunit": "9.x"
            },
            "default-branch": true,
            "type": "library",
            "autoload": {
                "psr-4": {
                    "SBLayout\\": "src/SBLayout"
                },
                "files": [
                    "src/SBLayout/View/HTML/errorpage.php",
                    "src/SBLayout/View/HTML/menuitem.php",
                    "src/SBLayout/View/HTML/standardmenuitem.php",
                    "src/SBLayout/View/HTML/custommenuitem.php",
                    "src/SBLayout/View/HTML/inlinemenusection.php",
                    "src/SBLayout/View/HTML/menusection.php",
                    "src/SBLayout/View/HTML/sitemapsection.php",
                    "src/SBLayout/View/HTML/embeddedmenusection.php",
                    "src/SBLayout/View/HTML/Util/composecontentpath.php",
                    "src/SBLayout/View/HTML/styles.php",
                    "src/SBLayout/View/HTML/scripts.php",
                    "src/SBLayout/View/HTML/controller.php",
                    "src/SBLayout/View/HTML/index.php",
                    "src/SBLayout/View/HTML/baseurl.php",
                    "src/SBLayout/View/HTML/section.php",
                    "src/SBLayout/View/HTML/sections.php",
                    "src/SBLayout/View/HTML/breadcrumbs.php",
                    "src/SBLayout/View/HTML/sitemap.php",
                    "src/SBLayout/View/HTML/subsitemap.php"
                ]
            },
            "autoload-dev": {
                "psr-4": {
                    "Examples\\Simple\\": "examples/simple/includes",
                    "Examples\\I18N\\": "examples/i18n/includes"
                }
            },
            "license": [
                "Apache-2.0"
            ],
            "authors": [
                {
                    "name": "Sander van der Burg",
                    "email": "svanderburg@gmail.com",
                    "homepage": "http://sandervanderburg.nl"
                }
            ],
            "description": "My custom website layout organiser framework for PHP",
            "time": "2023-07-04T19:04:55+00:00"
        }
    ],
    "packages-dev": [],
    "aliases": [],
    "minimum-stability": "stable",
    "stability-flags": {
        "svanderburg/php-sblayout": 20,
        "svanderburg/php-sbdata": 20,
        "svanderburg/php-sbcrud": 20,
        "svanderburg/php-sbbiblio": 20,
        "sbexampleapps/auth": 20,
        "sbexampleapps/layout": 20
    },
    "prefer-stable": false,
    "prefer-lowest": false,
    "platform": [],
    "platform-dev": [],
    "plugin-api-version": "2.3.0"
}
